
Microsoft Visual Studio Solution File, Format Version 12.00
# Visual Studio Version 17
VisualStudioVersion = 17.4.33110.190
MinimumVisualStudioVersion = 10.0.40219.1
Project("{9A19103F-16F7-4668-BE54-9A1E7A4F7556}") = "Temphouse", "Temphouse\Temphouse.csproj", "{E5E097BD-CDF8-4435-802B-F0E729E5C88D}"
EndProject
Project("{9A19103F-16F7-4668-BE54-9A1E7A4F7556}") = "CoreLand.UI", "CoreLand.UI\CoreLand.UI.csproj", "{C5FC39D8-6B78-49FD-8362-AEED56B16499}"
EndProject
Project("{9A19103F-16F7-4668-BE54-9A1E7A4F7556}") = "CoreLand.UI.Templates", "CoreLand.UI.Templates\CoreLand.UI.Templates.csproj", "{E288AE55-16B0-41D2-B96C-E4F15C7FA97E}"
EndProject
Global
	GlobalSection(SolutionConfigurationPlatforms) = preSolution
		Debug|Any CPU = Debug|Any CPU
		Release|Any CPU = Release|Any CPU
	EndGlobalSection
	GlobalSection(ProjectConfigurationPlatforms) = postSolution
		{E5E097BD-CDF8-4435-802B-F0E729E5C88D}.Debug|Any CPU.ActiveCfg = Debug|Any CPU
		{E5E097BD-CDF8-4435-802B-F0E729E5C88D}.Debug|Any CPU.Build.0 = Debug|Any CPU
		{E5E097BD-CDF8-4435-802B-F0E729E5C88D}.Release|Any CPU.ActiveCfg = Release|Any CPU
		{E5E097BD-CDF8-4435-802B-F0E729E5C88D}.Release|Any CPU.Build.0 = Release|Any CPU
		{C5FC39D8-6B78-49FD-8362-AEED56B16499}.Debug|Any CPU.ActiveCfg = Debug|Any CPU
		{C5FC39D8-6B78-49FD-8362-AEED56B16499}.Debug|Any CPU.Build.0 = Debug|Any CPU
		{C5FC39D8-6B78-49FD-8362-AEED56B16499}.Release|Any CPU.ActiveCfg = Release|Any CPU
		{C5FC39D8-6B78-49FD-8362-AEED56B16499}.Release|Any CPU.Build.0 = Release|Any CPU
		{E288AE55-16B0-41D2-B96C-E4F15C7FA97E}.Debug|Any CPU.ActiveCfg = Debug|Any CPU
		{E288AE55-16B0-41D2-B96C-E4F15C7FA97E}.Debug|Any CPU.Build.0 = Debug|Any CPU
		{E288AE55-16B0-41D2-B96C-E4F15C7FA97E}.Release|Any CPU.ActiveCfg = Release|Any CPU
		{E288AE55-16B0-41D2-B96C-E4F15C7FA97E}.Release|Any CPU.Build.0 = Release|Any CPU
	EndGlobalSection
	GlobalSection(SolutionProperties) = preSolution
		HideSolutionNode = FALSE
	EndGlobalSection
	GlobalSection(ExtensibilityGlobals) = postSolution
		SolutionGuid = {9C049EDA-C773-4716-A6D0-35F5C0F06E50}
	EndGlobalSection
EndGlobal
